
Microsoft Visual Studio Solution File, Format Version 12.00
# Visual Studio 14
VisualStudioVersion = 14.0.25420.1
MinimumVisualStudioVersion = 10.0.40219.1
Project("{2150E333-8FDC-42A3-9474-1A3956D46DE8}") = "Chap01", "Chap01", "{E59FF48E-017A-4E2D-8E55-408BF8FB5DDF}"
EndProject
Project("{FAE04EC0-301F-11D3-BF4B-00C04F79EFBC}") = "Exercise2", "Chap01\Exercise2\Exercise2.csproj", "{669ADCFF-A0A3-4F77-807B-8037AAA40F87}"
EndProject
Project("{FAE04EC0-301F-11D3-BF4B-00C04F79EFBC}") = "Exercise3", "Chap01\Exercise3\Exercise3.csproj", "{798B81D2-3742-41BB-BB91-39588AEA0A6D}"
EndProject
Project("{2150E333-8FDC-42A3-9474-1A3956D46DE8}") = "Chap02", "Chap02", "{2748C23E-08B8-4987-849C-BE44F12AF623}"
EndProject
Project("{FAE04EC0-301F-11D3-BF4B-00C04F79EFBC}") = "Exercise1", "Chap02\Exercise1\Exercise1.csproj", "{E2C60C39-E965-441D-9A1F-26F3E7E0F4FE}"
EndProject
Project("{FAE04EC0-301F-11D3-BF4B-00C04F79EFBC}") = "Exercise2", "Chap02\Exercise2\Exercise2.csproj", "{7FC09264-984C-4579-9E07-29748CD8C43F}"
EndProject
Project("{FAE04EC0-301F-11D3-BF4B-00C04F79EFBC}") = "Exercise3", "Chap02\Exercise3\Exercise3.csproj", "{E982E424-602D-482A-AE63-DB31F0B40D21}"
EndProject
Project("{2150E333-8FDC-42A3-9474-1A3956D46DE8}") = "Chap03", "Chap03", "{E4053073-E8D6-4203-BB96-7F88EDE1316C}"
EndProject
Project("{FAE04EC0-301F-11D3-BF4B-00C04F79EFBC}") = "Exercise1", "Chap03\Exercise1\Exercise1.csproj", "{D6515642-3E75-47CA-B1A8-705E649471F3}"
EndProject
Project("{FAE04EC0-301F-11D3-BF4B-00C04F79EFBC}") = "Exercise2", "Chap03\Exercise2\Exercise2.csproj", "{5C33C826-9319-4CF0-9530-7ED2FE906EF7}"
EndProject
Project("{2150E333-8FDC-42A3-9474-1A3956D46DE8}") = "Chap04", "Chap04", "{34C828CA-CB17-4E65-A7C5-98A89F8FB521}"
EndProject
Project("{FAE04EC0-301F-11D3-BF4B-00C04F79EFBC}") = "Exercise1", "Chap04\Exercise1\Exercise1.csproj", "{8A0A54D1-C36A-41D7-A416-F7CB42078889}"
EndProject
Project("{FAE04EC0-301F-11D3-BF4B-00C04F79EFBC}") = "Exercise2", "Chap04\Exercise2\Exercise2.csproj", "{F243D2C9-137B-4175-BCA6-E96A12369792}"
EndProject
Project("{2150E333-8FDC-42A3-9474-1A3956D46DE8}") = "Chap05", "Chap05", "{7A5C5C0E-104F-48E7-A26C-FFEC5C783231}"
EndProject
Project("{FAE04EC0-301F-11D3-BF4B-00C04F79EFBC}") = "Exercise1", "Chap05\Exercise1\Exercise1.csproj", "{4D766769-A803-42A5-B21D-A5DE47FE635C}"
EndProject
Project("{FAE04EC0-301F-11D3-BF4B-00C04F79EFBC}") = "Exercise2", "Chap05\Exercise2\Exercise2.csproj", "{36EC1516-3FB8-4FDE-9535-FA2B9547DF06}"
EndProject
Project("{FAE04EC0-301F-11D3-BF4B-00C04F79EFBC}") = "Exercise3", "Chap05\Exercise3\Exercise3.csproj", "{39499987-7D56-4BF1-938B-869B02038C37}"
EndProject
Project("{FAE04EC0-301F-11D3-BF4B-00C04F79EFBC}") = "Exercise4", "Chap05\Exercise4\Exercise4.csproj", "{F63D7FE1-5FB3-41BE-8D9B-C792B1C4CB55}"
EndProject
Project("{2150E333-8FDC-42A3-9474-1A3956D46DE8}") = "Chap06", "Chap06", "{D08FB092-2828-4C88-A313-903FBC6086EA}"
EndProject
Project("{FAE04EC0-301F-11D3-BF4B-00C04F79EFBC}") = "Exercise1", "Chap06\Exercise1\Exercise1.csproj", "{88D745B2-4FD4-4D1F-8B3B-5877D539F32A}"
EndProject
Project("{FAE04EC0-301F-11D3-BF4B-00C04F79EFBC}") = "Exercise2", "Chap06\Exercise2\Exercise2.csproj", "{F6C35B82-8B9F-4D2B-98D0-D94F01744BCD}"
EndProject
Project("{2150E333-8FDC-42A3-9474-1A3956D46DE8}") = "Chap07", "Chap07", "{73B18520-96B9-46A5-98F6-BEBE4E4DCACB}"
EndProject
Project("{FAE04EC0-301F-11D3-BF4B-00C04F79EFBC}") = "Exercise1", "Chap07\Exercise1\Exercise1.csproj", "{27C8F85F-D6E6-432A-9D60-4A1CA38575F7}"
EndProject
Project("{FAE04EC0-301F-11D3-BF4B-00C04F79EFBC}") = "Exercise2", "Chap07\Exercise2\Exercise2.csproj", "{60403335-2382-420F-A9B2-59BF3966B312}"
EndProject
Project("{2150E333-8FDC-42A3-9474-1A3956D46DE8}") = "Chap08", "Chap08", "{E3B81CB5-CB07-4ACE-8DAA-EE79C41B38AF}"
EndProject
Project("{2150E333-8FDC-42A3-9474-1A3956D46DE8}") = "Chap09", "Chap09", "{6C805CD9-EADF-4AB0-980F-1289F84E4F14}"
EndProject
Project("{FAE04EC0-301F-11D3-BF4B-00C04F79EFBC}") = "Exercise1", "Chap09\Exercise1\Exercise1.csproj", "{82324E25-2272-4C56-9223-19445DCEDFAA}"
EndProject
Project("{FAE04EC0-301F-11D3-BF4B-00C04F79EFBC}") = "Exercise2", "Chap09\Exercise2\Exercise2.csproj", "{D2FF8F37-7AE0-42A3-8E1A-48DD8AF8DC46}"
EndProject
Project("{FAE04EC0-301F-11D3-BF4B-00C04F79EFBC}") = "Exercise3", "Chap09\Exercise3\Exercise3.csproj", "{70C0B5FB-5913-4D81-AA33-13DB1AF533A7}"
EndProject
Project("{FAE04EC0-301F-11D3-BF4B-00C04F79EFBC}") = "Exercise4", "Chap09\Exercise4\Exercise4.csproj", "{210657B6-C526-4591-9276-24C3F6D81507}"
EndProject
Project("{FAE04EC0-301F-11D3-BF4B-00C04F79EFBC}") = "Exercise5", "Chap09\Exercise5\Exercise5.csproj", "{E38D6A05-C9A3-4F56-AA44-B5F672EBB033}"
EndProject
Project("{2150E333-8FDC-42A3-9474-1A3956D46DE8}") = "Chap10", "Chap10", "{48C28C49-9C34-4E48-A9B9-2C45860B4384}"
EndProject
Project("{FAE04EC0-301F-11D3-BF4B-00C04F79EFBC}") = "Exercise1", "Chap10\Exercise1\Exercise1.csproj", "{7A6D1B50-8707-47E8-92C0-C8C0070EA876}"
EndProject
Project("{FAE04EC0-301F-11D3-BF4B-00C04F79EFBC}") = "Exercise2", "Chap10\Exercise2\Exercise2.csproj", "{24930F02-B95F-4B3B-A283-19CD61AC73AF}"
EndProject
Project("{FAE04EC0-301F-11D3-BF4B-00C04F79EFBC}") = "Exercise3", "Chap10\Exercise3\Exercise3.csproj", "{2B7594F7-398E-44EF-B94B-446415A5A261}"
EndProject
Project("{FAE04EC0-301F-11D3-BF4B-00C04F79EFBC}") = "Exercise4", "Chap10\Exercise4\Exercise4.csproj", "{3CB82425-C490-45EE-834F-E82BA14CDC21}"
EndProject
Project("{FAE04EC0-301F-11D3-BF4B-00C04F79EFBC}") = "Exercise5", "Chap10\Exercise5\Exercise5.csproj", "{8C19A125-3DBD-4B67-95A5-B914AD28A014}"
EndProject
Project("{FAE04EC0-301F-11D3-BF4B-00C04F79EFBC}") = "Exercise6", "Chap10\Exercise6\Exercise6.csproj", "{4E497631-539F-4888-BD8E-669C3C744693}"
EndProject
Project("{2150E333-8FDC-42A3-9474-1A3956D46DE8}") = "Chap11", "Chap11", "{8370197E-DB4A-4C3C-8827-CFD42C7F0C9D}"
EndProject
Project("{FAE04EC0-301F-11D3-BF4B-00C04F79EFBC}") = "Exercise1", "Chap11\Exercise1\Exercise1.csproj", "{AB763C15-54C5-448C-8E6E-F071D70B0A22}"
EndProject
Project("{FAE04EC0-301F-11D3-BF4B-00C04F79EFBC}") = "Exercise2", "Chap11\Exercise2\Exercise2.csproj", "{7BF03941-04F6-494C-98CB-A401EC96899A}"
EndProject
Project("{2150E333-8FDC-42A3-9474-1A3956D46DE8}") = "Chap12", "Chap12", "{A9288411-65C7-42F7-807E-3FE1EFF44DEA}"
EndProject
Project("{FAE04EC0-301F-11D3-BF4B-00C04F79EFBC}") = "Exercise1", "Chap12\Exercise1\Exercise1.csproj", "{2C0F9C21-7340-4759-A22F-B7E0CFD47C43}"
EndProject
Project("{FAE04EC0-301F-11D3-BF4B-00C04F79EFBC}") = "Exercise2", "Chap12\Exercise2\Exercise2.csproj", "{B9E1F235-A665-456C-8FBC-4EC5A4790FD7}"
EndProject
Project("{2150E333-8FDC-42A3-9474-1A3956D46DE8}") = "Chap13", "Chap13", "{8F3E78F1-82D9-426E-9FB1-B113FF5B1274}"
EndProject
Project("{FAE04EC0-301F-11D3-BF4B-00C04F79EFBC}") = "Exercise1", "Chap13\Exercise1\Exercise1.csproj", "{507C1395-A0F0-44B5-B7DF-8B4420727E62}"
EndProject
Project("{2150E333-8FDC-42A3-9474-1A3956D46DE8}") = "Chap14", "Chap14", "{C8E1E1B0-A2B6-4E4D-A334-63C2C3DCB58C}"
EndProject
Project("{FAE04EC0-301F-11D3-BF4B-00C04F79EFBC}") = "Exercise1", "Chap14\Exercise1\Exercise1.csproj", "{FC5FC273-F678-4A9D-BF46-5BD2FDBA3C31}"
EndProject
Project("{FAE04EC0-301F-11D3-BF4B-00C04F79EFBC}") = "Exercise2", "Chap14\Exercise2\Exercise2.csproj", "{93A9BC29-5EF8-42A7-AE6C-0106E684686E}"
EndProject
Project("{FAE04EC0-301F-11D3-BF4B-00C04F79EFBC}") = "Exercise3", "Chap14\Exercise3\Exercise3.csproj", "{90573D4C-4DB3-4BBA-9A05-C96078BCE6E2}"
EndProject
Project("{FAE04EC0-301F-11D3-BF4B-00C04F79EFBC}") = "Exercise4", "Chap14\Exercise4\Exercise4.csproj", "{16686DA3-21A6-4C9A-A1F6-35EFC1A0669A}"
EndProject
Project("{2150E333-8FDC-42A3-9474-1A3956D46DE8}") = "Chap15", "Chap15", "{005A381F-2FFC-4747-814F-4AEF6C0E9AB2}"
EndProject
Project("{2150E333-8FDC-42A3-9474-1A3956D46DE8}") = "Chap16", "Chap16", "{5F763D3D-7761-48A1-A828-FF2E85294CB5}"
EndProject
Project("{2150E333-8FDC-42A3-9474-1A3956D46DE8}") = "Chap17", "Chap17", "{1AE19748-2052-4199-946B-B6F9C4FF5C21}"
EndProject
Project("{FAE04EC0-301F-11D3-BF4B-00C04F79EFBC}") = "Exercise2", "Chap08\Exercise2\Exercise2.csproj", "{4C56ACF1-49DF-4D31-A7D1-04EE4FC17D66}"
EndProject
Project("{FAE04EC0-301F-11D3-BF4B-00C04F79EFBC}") = "Exercise3", "Chap08\Exercise3\Exercise3.csproj", "{F44964D7-E948-4EBC-A661-6F319063324A}"
EndProject
Project("{FAE04EC0-301F-11D3-BF4B-00C04F79EFBC}") = "Exercise1", "Chap15\Exercise1\Exercise1.csproj", "{5A16D6C2-7E64-491B-83A2-750DEC93AF0F}"
EndProject
Project("{FAE04EC0-301F-11D3-BF4B-00C04F79EFBC}") = "Exercise1Console", "Chap16\Exercise1\Exercise1Console.csproj", "{2847ACD8-9233-4A03-8AF4-6ED0A2F4CCAC}"
EndProject
Project("{FAE04EC0-301F-11D3-BF4B-00C04F79EFBC}") = "Exercise2", "Chap16\Exercise2\Exercise2.csproj", "{A3F49F96-76A3-43C9-9CBF-31B8F9E8417F}"
EndProject
Project("{FAE04EC0-301F-11D3-BF4B-00C04F79EFBC}") = "Exercise1", "Chap17\Exercise1\Exercise1.csproj", "{D5FCDE8F-7D8A-43AF-900D-F2106365DBFD}"
EndProject
Project("{FAE04EC0-301F-11D3-BF4B-00C04F79EFBC}") = "Exercise3", "Chap17\Exercise3\Exercise3.csproj", "{AAC632EE-8D0D-40DE-B454-AD5CE5FCBA08}"
EndProject
Project("{FAE04EC0-301F-11D3-BF4B-00C04F79EFBC}") = "Exercise2", "Chap17\Exercise2\Exercise2.csproj", "{11C820A4-E22E-4D57-A8DC-2CA5F48BB647}"
EndProject
Project("{FAE04EC0-301F-11D3-BF4B-00C04F79EFBC}") = "Exercise6", "Chap14\Exercise6\Exercise6.csproj", "{001C2B39-7DBD-4CE7-9021-AA3DA5574B91}"
EndProject
Project("{FAE04EC0-301F-11D3-BF4B-00C04F79EFBC}") = "Exercise5", "Chap14\Exercise5\Exercise5.csproj", "{A3EDB3D8-1FC6-4D2E-BC4E-E7DEC3B51621}"
EndProject
Project("{FAE04EC0-301F-11D3-BF4B-00C04F79EFBC}") = "Exercise1", "Chap08\Exercise1\Exercise1.csproj", "{CDCF3A78-26AF-4B91-9AB4-F03DD438B8A4}"
EndProject
Project("{FAE04EC0-301F-11D3-BF4B-00C04F79EFBC}") = "Exercise1", "Chap01\Exercise1\Exercise1.csproj", "{912153DD-EC13-4DC5-92E1-E4707B4A41B2}"
EndProject
Project("{FAE04EC0-301F-11D3-BF4B-00C04F79EFBC}") = "Exercise1WinForm", "Chap16\Exercise1WinForm\Exercise1WinForm.csproj", "{9709E919-93AB-4CB7-9579-74E80D2A8325}"
EndProject
Global
	GlobalSection(SolutionConfigurationPlatforms) = preSolution
		Debug|Any CPU = Debug|Any CPU
		Release|Any CPU = Release|Any CPU
	EndGlobalSection
	GlobalSection(ProjectConfigurationPlatforms) = postSolution
		{669ADCFF-A0A3-4F77-807B-8037AAA40F87}.Debug|Any CPU.ActiveCfg = Debug|Any CPU
		{669ADCFF-A0A3-4F77-807B-8037AAA40F87}.Debug|Any CPU.Build.0 = Debug|Any CPU
		{669ADCFF-A0A3-4F77-807B-8037AAA40F87}.Release|Any CPU.ActiveCfg = Release|Any CPU
		{669ADCFF-A0A3-4F77-807B-8037AAA40F87}.Release|Any CPU.Build.0 = Release|Any CPU
		{798B81D2-3742-41BB-BB91-39588AEA0A6D}.Debug|Any CPU.ActiveCfg = Debug|Any CPU
		{798B81D2-3742-41BB-BB91-39588AEA0A6D}.Debug|Any CPU.Build.0 = Debug|Any CPU
		{798B81D2-3742-41BB-BB91-39588AEA0A6D}.Release|Any CPU.ActiveCfg = Release|Any CPU
		{798B81D2-3742-41BB-BB91-39588AEA0A6D}.Release|Any CPU.Build.0 = Release|Any CPU
		{E2C60C39-E965-441D-9A1F-26F3E7E0F4FE}.Debug|Any CPU.ActiveCfg = Debug|Any CPU
		{E2C60C39-E965-441D-9A1F-26F3E7E0F4FE}.Debug|Any CPU.Build.0 = Debug|Any CPU
		{E2C60C39-E965-441D-9A1F-26F3E7E0F4FE}.Release|Any CPU.ActiveCfg = Release|Any CPU
		{E2C60C39-E965-441D-9A1F-26F3E7E0F4FE}.Release|Any CPU.Build.0 = Release|Any CPU
		{7FC09264-984C-4579-9E07-29748CD8C43F}.Debug|Any CPU.ActiveCfg = Debug|Any CPU
		{7FC09264-984C-4579-9E07-29748CD8C43F}.Debug|Any CPU.Build.0 = Debug|Any CPU
		{7FC09264-984C-4579-9E07-29748CD8C43F}.Release|Any CPU.ActiveCfg = Release|Any CPU
		{7FC09264-984C-4579-9E07-29748CD8C43F}.Release|Any CPU.Build.0 = Release|Any CPU
		{E982E424-602D-482A-AE63-DB31F0B40D21}.Debug|Any CPU.ActiveCfg = Debug|Any CPU
		{E982E424-602D-482A-AE63-DB31F0B40D21}.Debug|Any CPU.Build.0 = Debug|Any CPU
		{E982E424-602D-482A-AE63-DB31F0B40D21}.Release|Any CPU.ActiveCfg = Release|Any CPU
		{E982E424-602D-482A-AE63-DB31F0B40D21}.Release|Any CPU.Build.0 = Release|Any CPU
		{D6515642-3E75-47CA-B1A8-705E649471F3}.Debug|Any CPU.ActiveCfg = Debug|Any CPU
		{D6515642-3E75-47CA-B1A8-705E649471F3}.Debug|Any CPU.Build.0 = Debug|Any CPU
		{D6515642-3E75-47CA-B1A8-705E649471F3}.Release|Any CPU.ActiveCfg = Release|Any CPU
		{D6515642-3E75-47CA-B1A8-705E649471F3}.Release|Any CPU.Build.0 = Release|Any CPU
		{5C33C826-9319-4CF0-9530-7ED2FE906EF7}.Debug|Any CPU.ActiveCfg = Debug|Any CPU
		{5C33C826-9319-4CF0-9530-7ED2FE906EF7}.Debug|Any CPU.Build.0 = Debug|Any CPU
		{5C33C826-9319-4CF0-9530-7ED2FE906EF7}.Release|Any CPU.ActiveCfg = Release|Any CPU
		{5C33C826-9319-4CF0-9530-7ED2FE906EF7}.Release|Any CPU.Build.0 = Release|Any CPU
		{8A0A54D1-C36A-41D7-A416-F7CB42078889}.Debug|Any CPU.ActiveCfg = Debug|Any CPU
		{8A0A54D1-C36A-41D7-A416-F7CB42078889}.Debug|Any CPU.Build.0 = Debug|Any CPU
		{8A0A54D1-C36A-41D7-A416-F7CB42078889}.Release|Any CPU.ActiveCfg = Release|Any CPU
		{8A0A54D1-C36A-41D7-A416-F7CB42078889}.Release|Any CPU.Build.0 = Release|Any CPU
		{F243D2C9-137B-4175-BCA6-E96A12369792}.Debug|Any CPU.ActiveCfg = Debug|Any CPU
		{F243D2C9-137B-4175-BCA6-E96A12369792}.Debug|Any CPU.Build.0 = Debug|Any CPU
		{F243D2C9-137B-4175-BCA6-E96A12369792}.Release|Any CPU.ActiveCfg = Release|Any CPU
		{F243D2C9-137B-4175-BCA6-E96A12369792}.Release|Any CPU.Build.0 = Release|Any CPU
		{4D766769-A803-42A5-B21D-A5DE47FE635C}.Debug|Any CPU.ActiveCfg = Debug|Any CPU
		{4D766769-A803-42A5-B21D-A5DE47FE635C}.Debug|Any CPU.Build.0 = Debug|Any CPU
		{4D766769-A803-42A5-B21D-A5DE47FE635C}.Release|Any CPU.ActiveCfg = Release|Any CPU
		{4D766769-A803-42A5-B21D-A5DE47FE635C}.Release|Any CPU.Build.0 = Release|Any CPU
		{36EC1516-3FB8-4FDE-9535-FA2B9547DF06}.Debug|Any CPU.ActiveCfg = Debug|Any CPU
		{36EC1516-3FB8-4FDE-9535-FA2B9547DF06}.Debug|Any CPU.Build.0 = Debug|Any CPU
		{36EC1516-3FB8-4FDE-9535-FA2B9547DF06}.Release|Any CPU.ActiveCfg = Release|Any CPU
		{36EC1516-3FB8-4FDE-9535-FA2B9547DF06}.Release|Any CPU.Build.0 = Release|Any CPU
		{39499987-7D56-4BF1-938B-869B02038C37}.Debug|Any CPU.ActiveCfg = Debug|Any CPU
		{39499987-7D56-4BF1-938B-869B02038C37}.Debug|Any CPU.Build.0 = Debug|Any CPU
		{39499987-7D56-4BF1-938B-869B02038C37}.Release|Any CPU.ActiveCfg = Release|Any CPU
		{39499987-7D56-4BF1-938B-869B02038C37}.Release|Any CPU.Build.0 = Release|Any CPU
		{F63D7FE1-5FB3-41BE-8D9B-C792B1C4CB55}.Debug|Any CPU.ActiveCfg = Debug|Any CPU
		{F63D7FE1-5FB3-41BE-8D9B-C792B1C4CB55}.Debug|Any CPU.Build.0 = Debug|Any CPU
		{F63D7FE1-5FB3-41BE-8D9B-C792B1C4CB55}.Release|Any CPU.ActiveCfg = Release|Any CPU
		{F63D7FE1-5FB3-41BE-8D9B-C792B1C4CB55}.Release|Any CPU.Build.0 = Release|Any CPU
		{88D745B2-4FD4-4D1F-8B3B-5877D539F32A}.Debug|Any CPU.ActiveCfg = Debug|Any CPU
		{88D745B2-4FD4-4D1F-8B3B-5877D539F32A}.Debug|Any CPU.Build.0 = Debug|Any CPU
		{88D745B2-4FD4-4D1F-8B3B-5877D539F32A}.Release|Any CPU.ActiveCfg = Release|Any CPU
		{88D745B2-4FD4-4D1F-8B3B-5877D539F32A}.Release|Any CPU.Build.0 = Release|Any CPU
		{F6C35B82-8B9F-4D2B-98D0-D94F01744BCD}.Debug|Any CPU.ActiveCfg = Debug|Any CPU
		{F6C35B82-8B9F-4D2B-98D0-D94F01744BCD}.Debug|Any CPU.Build.0 = Debug|Any CPU
		{F6C35B82-8B9F-4D2B-98D0-D94F01744BCD}.Release|Any CPU.ActiveCfg = Release|Any CPU
		{F6C35B82-8B9F-4D2B-98D0-D94F01744BCD}.Release|Any CPU.Build.0 = Release|Any CPU
		{27C8F85F-D6E6-432A-9D60-4A1CA38575F7}.Debug|Any CPU.ActiveCfg = Debug|Any CPU
		{27C8F85F-D6E6-432A-9D60-4A1CA38575F7}.Debug|Any CPU.Build.0 = Debug|Any CPU
		{27C8F85F-D6E6-432A-9D60-4A1CA38575F7}.Release|Any CPU.ActiveCfg = Release|Any CPU
		{27C8F85F-D6E6-432A-9D60-4A1CA38575F7}.Release|Any CPU.Build.0 = Release|Any CPU
		{60403335-2382-420F-A9B2-59BF3966B312}.Debug|Any CPU.ActiveCfg = Debug|Any CPU
		{60403335-2382-420F-A9B2-59BF3966B312}.Debug|Any CPU.Build.0 = Debug|Any CPU
		{60403335-2382-420F-A9B2-59BF3966B312}.Release|Any CPU.ActiveCfg = Release|Any CPU
		{60403335-2382-420F-A9B2-59BF3966B312}.Release|Any CPU.Build.0 = Release|Any CPU
		{82324E25-2272-4C56-9223-19445DCEDFAA}.Debug|Any CPU.ActiveCfg = Debug|Any CPU
		{82324E25-2272-4C56-9223-19445DCEDFAA}.Debug|Any CPU.Build.0 = Debug|Any CPU
		{82324E25-2272-4C56-9223-19445DCEDFAA}.Release|Any CPU.ActiveCfg = Release|Any CPU
		{82324E25-2272-4C56-9223-19445DCEDFAA}.Release|Any CPU.Build.0 = Release|Any CPU
		{D2FF8F37-7AE0-42A3-8E1A-48DD8AF8DC46}.Debug|Any CPU.ActiveCfg = Debug|Any CPU
		{D2FF8F37-7AE0-42A3-8E1A-48DD8AF8DC46}.Debug|Any CPU.Build.0 = Debug|Any CPU
		{D2FF8F37-7AE0-42A3-8E1A-48DD8AF8DC46}.Release|Any CPU.ActiveCfg = Release|Any CPU
		{D2FF8F37-7AE0-42A3-8E1A-48DD8AF8DC46}.Release|Any CPU.Build.0 = Release|Any CPU
		{70C0B5FB-5913-4D81-AA33-13DB1AF533A7}.Debug|Any CPU.ActiveCfg = Debug|Any CPU
		{70C0B5FB-5913-4D81-AA33-13DB1AF533A7}.Debug|Any CPU.Build.0 = Debug|Any CPU
		{70C0B5FB-5913-4D81-AA33-13DB1AF533A7}.Release|Any CPU.ActiveCfg = Release|Any CPU
		{70C0B5FB-5913-4D81-AA33-13DB1AF533A7}.Release|Any CPU.Build.0 = Release|Any CPU
		{210657B6-C526-4591-9276-24C3F6D81507}.Debug|Any CPU.ActiveCfg = Debug|Any CPU
		{210657B6-C526-4591-9276-24C3F6D81507}.Debug|Any CPU.Build.0 = Debug|Any CPU
		{210657B6-C526-4591-9276-24C3F6D81507}.Release|Any CPU.ActiveCfg = Release|Any CPU
		{210657B6-C526-4591-9276-24C3F6D81507}.Release|Any CPU.Build.0 = Release|Any CPU
		{E38D6A05-C9A3-4F56-AA44-B5F672EBB033}.Debug|Any CPU.ActiveCfg = Debug|Any CPU
		{E38D6A05-C9A3-4F56-AA44-B5F672EBB033}.Debug|Any CPU.Build.0 = Debug|Any CPU
		{E38D6A05-C9A3-4F56-AA44-B5F672EBB033}.Release|Any CPU.ActiveCfg = Release|Any CPU
		{E38D6A05-C9A3-4F56-AA44-B5F672EBB033}.Release|Any CPU.Build.0 = Release|Any CPU
		{7A6D1B50-8707-47E8-92C0-C8C0070EA876}.Debug|Any CPU.ActiveCfg = Debug|Any CPU
		{7A6D1B50-8707-47E8-92C0-C8C0070EA876}.Debug|Any CPU.Build.0 = Debug|Any CPU
		{7A6D1B50-8707-47E8-92C0-C8C0070EA876}.Release|Any CPU.ActiveCfg = Release|Any CPU
		{7A6D1B50-8707-47E8-92C0-C8C0070EA876}.Release|Any CPU.Build.0 = Release|Any CPU
		{24930F02-B95F-4B3B-A283-19CD61AC73AF}.Debug|Any CPU.ActiveCfg = Debug|Any CPU
		{24930F02-B95F-4B3B-A283-19CD61AC73AF}.Debug|Any CPU.Build.0 = Debug|Any CPU
		{24930F02-B95F-4B3B-A283-19CD61AC73AF}.Release|Any CPU.ActiveCfg = Release|Any CPU
		{24930F02-B95F-4B3B-A283-19CD61AC73AF}.Release|Any CPU.Build.0 = Release|Any CPU
		{2B7594F7-398E-44EF-B94B-446415A5A261}.Debug|Any CPU.ActiveCfg = Debug|Any CPU
		{2B7594F7-398E-44EF-B94B-446415A5A261}.Debug|Any CPU.Build.0 = Debug|Any CPU
		{2B7594F7-398E-44EF-B94B-446415A5A261}.Release|Any CPU.ActiveCfg = Release|Any CPU
		{2B7594F7-398E-44EF-B94B-446415A5A261}.Release|Any CPU.Build.0 = Release|Any CPU
		{3CB82425-C490-45EE-834F-E82BA14CDC21}.Debug|Any CPU.ActiveCfg = Debug|Any CPU
		{3CB82425-C490-45EE-834F-E82BA14CDC21}.Debug|Any CPU.Build.0 = Debug|Any CPU
		{3CB82425-C490-45EE-834F-E82BA14CDC21}.Release|Any CPU.ActiveCfg = Release|Any CPU
		{3CB82425-C490-45EE-834F-E82BA14CDC21}.Release|Any CPU.Build.0 = Release|Any CPU
		{8C19A125-3DBD-4B67-95A5-B914AD28A014}.Debug|Any CPU.ActiveCfg = Debug|Any CPU
		{8C19A125-3DBD-4B67-95A5-B914AD28A014}.Debug|Any CPU.Build.0 = Debug|Any CPU
		{8C19A125-3DBD-4B67-95A5-B914AD28A014}.Release|Any CPU.ActiveCfg = Release|Any CPU
		{8C19A125-3DBD-4B67-95A5-B914AD28A014}.Release|Any CPU.Build.0 = Release|Any CPU
		{4E497631-539F-4888-BD8E-669C3C744693}.Debug|Any CPU.ActiveCfg = Debug|Any CPU
		{4E497631-539F-4888-BD8E-669C3C744693}.Debug|Any CPU.Build.0 = Debug|Any CPU
		{4E497631-539F-4888-BD8E-669C3C744693}.Release|Any CPU.ActiveCfg = Release|Any CPU
		{4E497631-539F-4888-BD8E-669C3C744693}.Release|Any CPU.Build.0 = Release|Any CPU
		{AB763C15-54C5-448C-8E6E-F071D70B0A22}.Debug|Any CPU.ActiveCfg = Debug|Any CPU
		{AB763C15-54C5-448C-8E6E-F071D70B0A22}.Debug|Any CPU.Build.0 = Debug|Any CPU
		{AB763C15-54C5-448C-8E6E-F071D70B0A22}.Release|Any CPU.ActiveCfg = Release|Any CPU
		{AB763C15-54C5-448C-8E6E-F071D70B0A22}.Release|Any CPU.Build.0 = Release|Any CPU
		{7BF03941-04F6-494C-98CB-A401EC96899A}.Debug|Any CPU.ActiveCfg = Debug|Any CPU
		{7BF03941-04F6-494C-98CB-A401EC96899A}.Debug|Any CPU.Build.0 = Debug|Any CPU
		{7BF03941-04F6-494C-98CB-A401EC96899A}.Release|Any CPU.ActiveCfg = Release|Any CPU
		{7BF03941-04F6-494C-98CB-A401EC96899A}.Release|Any CPU.Build.0 = Release|Any CPU
		{2C0F9C21-7340-4759-A22F-B7E0CFD47C43}.Debug|Any CPU.ActiveCfg = Debug|Any CPU
		{2C0F9C21-7340-4759-A22F-B7E0CFD47C43}.Debug|Any CPU.Build.0 = Debug|Any CPU
		{2C0F9C21-7340-4759-A22F-B7E0CFD47C43}.Release|Any CPU.ActiveCfg = Release|Any CPU
		{2C0F9C21-7340-4759-A22F-B7E0CFD47C43}.Release|Any CPU.Build.0 = Release|Any CPU
		{B9E1F235-A665-456C-8FBC-4EC5A4790FD7}.Debug|Any CPU.ActiveCfg = Debug|Any CPU
		{B9E1F235-A665-456C-8FBC-4EC5A4790FD7}.Debug|Any CPU.Build.0 = Debug|Any CPU
		{B9E1F235-A665-456C-8FBC-4EC5A4790FD7}.Release|Any CPU.ActiveCfg = Release|Any CPU
		{B9E1F235-A665-456C-8FBC-4EC5A4790FD7}.Release|Any CPU.Build.0 = Release|Any CPU
		{507C1395-A0F0-44B5-B7DF-8B4420727E62}.Debug|Any CPU.ActiveCfg = Debug|Any CPU
		{507C1395-A0F0-44B5-B7DF-8B4420727E62}.Debug|Any CPU.Build.0 = Debug|Any CPU
		{507C1395-A0F0-44B5-B7DF-8B4420727E62}.Release|Any CPU.ActiveCfg = Release|Any CPU
		{507C1395-A0F0-44B5-B7DF-8B4420727E62}.Release|Any CPU.Build.0 = Release|Any CPU
		{FC5FC273-F678-4A9D-BF46-5BD2FDBA3C31}.Debug|Any CPU.ActiveCfg = Debug|Any CPU
		{FC5FC273-F678-4A9D-BF46-5BD2FDBA3C31}.Debug|Any CPU.Build.0 = Debug|Any CPU
		{FC5FC273-F678-4A9D-BF46-5BD2FDBA3C31}.Release|Any CPU.ActiveCfg = Release|Any CPU
		{FC5FC273-F678-4A9D-BF46-5BD2FDBA3C31}.Release|Any CPU.Build.0 = Release|Any CPU
		{93A9BC29-5EF8-42A7-AE6C-0106E684686E}.Debug|Any CPU.ActiveCfg = Debug|Any CPU
		{93A9BC29-5EF8-42A7-AE6C-0106E684686E}.Debug|Any CPU.Build.0 = Debug|Any CPU
		{93A9BC29-5EF8-42A7-AE6C-0106E684686E}.Release|Any CPU.ActiveCfg = Release|Any CPU
		{93A9BC29-5EF8-42A7-AE6C-0106E684686E}.Release|Any CPU.Build.0 = Release|Any CPU
		{90573D4C-4DB3-4BBA-9A05-C96078BCE6E2}.Debug|Any CPU.ActiveCfg = Debug|Any CPU
		{90573D4C-4DB3-4BBA-9A05-C96078BCE6E2}.Debug|Any CPU.Build.0 = Debug|Any CPU
		{90573D4C-4DB3-4BBA-9A05-C96078BCE6E2}.Release|Any CPU.ActiveCfg = Release|Any CPU
		{90573D4C-4DB3-4BBA-9A05-C96078BCE6E2}.Release|Any CPU.Build.0 = Release|Any CPU
		{16686DA3-21A6-4C9A-A1F6-35EFC1A0669A}.Debug|Any CPU.ActiveCfg = Debug|Any CPU
		{16686DA3-21A6-4C9A-A1F6-35EFC1A0669A}.Debug|Any CPU.Build.0 = Debug|Any CPU
		{16686DA3-21A6-4C9A-A1F6-35EFC1A0669A}.Release|Any CPU.ActiveCfg = Release|Any CPU
		{16686DA3-21A6-4C9A-A1F6-35EFC1A0669A}.Release|Any CPU.Build.0 = Release|Any CPU
		{4C56ACF1-49DF-4D31-A7D1-04EE4FC17D66}.Debug|Any CPU.ActiveCfg = Debug|Any CPU
		{4C56ACF1-49DF-4D31-A7D1-04EE4FC17D66}.Debug|Any CPU.Build.0 = Debug|Any CPU
		{4C56ACF1-49DF-4D31-A7D1-04EE4FC17D66}.Release|Any CPU.ActiveCfg = Release|Any CPU
		{4C56ACF1-49DF-4D31-A7D1-04EE4FC17D66}.Release|Any CPU.Build.0 = Release|Any CPU
		{F44964D7-E948-4EBC-A661-6F319063324A}.Debug|Any CPU.ActiveCfg = Debug|Any CPU
		{F44964D7-E948-4EBC-A661-6F319063324A}.Debug|Any CPU.Build.0 = Debug|Any CPU
		{F44964D7-E948-4EBC-A661-6F319063324A}.Release|Any CPU.ActiveCfg = Release|Any CPU
		{F44964D7-E948-4EBC-A661-6F319063324A}.Release|Any CPU.Build.0 = Release|Any CPU
		{5A16D6C2-7E64-491B-83A2-750DEC93AF0F}.Debug|Any CPU.ActiveCfg = Debug|Any CPU
		{5A16D6C2-7E64-491B-83A2-750DEC93AF0F}.Debug|Any CPU.Build.0 = Debug|Any CPU
		{5A16D6C2-7E64-491B-83A2-750DEC93AF0F}.Release|Any CPU.ActiveCfg = Release|Any CPU
		{5A16D6C2-7E64-491B-83A2-750DEC93AF0F}.Release|Any CPU.Build.0 = Release|Any CPU
		{2847ACD8-9233-4A03-8AF4-6ED0A2F4CCAC}.Debug|Any CPU.ActiveCfg = Debug|Any CPU
		{2847ACD8-9233-4A03-8AF4-6ED0A2F4CCAC}.Debug|Any CPU.Build.0 = Debug|Any CPU
		{2847ACD8-9233-4A03-8AF4-6ED0A2F4CCAC}.Release|Any CPU.ActiveCfg = Release|Any CPU
		{2847ACD8-9233-4A03-8AF4-6ED0A2F4CCAC}.Release|Any CPU.Build.0 = Release|Any CPU
		{A3F49F96-76A3-43C9-9CBF-31B8F9E8417F}.Debug|Any CPU.ActiveCfg = Debug|Any CPU
		{A3F49F96-76A3-43C9-9CBF-31B8F9E8417F}.Debug|Any CPU.Build.0 = Debug|Any CPU
		{A3F49F96-76A3-43C9-9CBF-31B8F9E8417F}.Release|Any CPU.ActiveCfg = Release|Any CPU
		{A3F49F96-76A3-43C9-9CBF-31B8F9E8417F}.Release|Any CPU.Build.0 = Release|Any CPU
		{D5FCDE8F-7D8A-43AF-900D-F2106365DBFD}.Debug|Any CPU.ActiveCfg = Debug|Any CPU
		{D5FCDE8F-7D8A-43AF-900D-F2106365DBFD}.Debug|Any CPU.Build.0 = Debug|Any CPU
		{D5FCDE8F-7D8A-43AF-900D-F2106365DBFD}.Release|Any CPU.ActiveCfg = Release|Any CPU
		{D5FCDE8F-7D8A-43AF-900D-F2106365DBFD}.Release|Any CPU.Build.0 = Release|Any CPU
		{AAC632EE-8D0D-40DE-B454-AD5CE5FCBA08}.Debug|Any CPU.ActiveCfg = Debug|Any CPU
		{AAC632EE-8D0D-40DE-B454-AD5CE5FCBA08}.Debug|Any CPU.Build.0 = Debug|Any CPU
		{AAC632EE-8D0D-40DE-B454-AD5CE5FCBA08}.Release|Any CPU.ActiveCfg = Release|Any CPU
		{AAC632EE-8D0D-40DE-B454-AD5CE5FCBA08}.Release|Any CPU.Build.0 = Release|Any CPU
		{11C820A4-E22E-4D57-A8DC-2CA5F48BB647}.Debug|Any CPU.ActiveCfg = Debug|Any CPU
		{11C820A4-E22E-4D57-A8DC-2CA5F48BB647}.Debug|Any CPU.Build.0 = Debug|Any CPU
		{11C820A4-E22E-4D57-A8DC-2CA5F48BB647}.Release|Any CPU.ActiveCfg = Release|Any CPU
		{11C820A4-E22E-4D57-A8DC-2CA5F48BB647}.Release|Any CPU.Build.0 = Release|Any CPU
		{001C2B39-7DBD-4CE7-9021-AA3DA5574B91}.Debug|Any CPU.ActiveCfg = Debug|Any CPU
		{001C2B39-7DBD-4CE7-9021-AA3DA5574B91}.Debug|Any CPU.Build.0 = Debug|Any CPU
		{001C2B39-7DBD-4CE7-9021-AA3DA5574B91}.Release|Any CPU.ActiveCfg = Release|Any CPU
		{001C2B39-7DBD-4CE7-9021-AA3DA5574B91}.Release|Any CPU.Build.0 = Release|Any CPU
		{A3EDB3D8-1FC6-4D2E-BC4E-E7DEC3B51621}.Debug|Any CPU.ActiveCfg = Debug|Any CPU
		{A3EDB3D8-1FC6-4D2E-BC4E-E7DEC3B51621}.Debug|Any CPU.Build.0 = Debug|Any CPU
		{A3EDB3D8-1FC6-4D2E-BC4E-E7DEC3B51621}.Release|Any CPU.ActiveCfg = Release|Any CPU
		{A3EDB3D8-1FC6-4D2E-BC4E-E7DEC3B51621}.Release|Any CPU.Build.0 = Release|Any CPU
		{CDCF3A78-26AF-4B91-9AB4-F03DD438B8A4}.Debug|Any CPU.ActiveCfg = Debug|Any CPU
		{CDCF3A78-26AF-4B91-9AB4-F03DD438B8A4}.Debug|Any CPU.Build.0 = Debug|Any CPU
		{CDCF3A78-26AF-4B91-9AB4-F03DD438B8A4}.Release|Any CPU.ActiveCfg = Release|Any CPU
		{CDCF3A78-26AF-4B91-9AB4-F03DD438B8A4}.Release|Any CPU.Build.0 = Release|Any CPU
		{912153DD-EC13-4DC5-92E1-E4707B4A41B2}.Debug|Any CPU.ActiveCfg = Debug|Any CPU
		{912153DD-EC13-4DC5-92E1-E4707B4A41B2}.Debug|Any CPU.Build.0 = Debug|Any CPU
		{912153DD-EC13-4DC5-92E1-E4707B4A41B2}.Release|Any CPU.ActiveCfg = Release|Any CPU
		{912153DD-EC13-4DC5-92E1-E4707B4A41B2}.Release|Any CPU.Build.0 = Release|Any CPU
		{9709E919-93AB-4CB7-9579-74E80D2A8325}.Debug|Any CPU.ActiveCfg = Debug|Any CPU
		{9709E919-93AB-4CB7-9579-74E80D2A8325}.Debug|Any CPU.Build.0 = Debug|Any CPU
		{9709E919-93AB-4CB7-9579-74E80D2A8325}.Release|Any CPU.ActiveCfg = Release|Any CPU
		{9709E919-93AB-4CB7-9579-74E80D2A8325}.Release|Any CPU.Build.0 = Release|Any CPU
	EndGlobalSection
	GlobalSection(SolutionProperties) = preSolution
		HideSolutionNode = FALSE
	EndGlobalSection
	GlobalSection(NestedProjects) = preSolution
		{669ADCFF-A0A3-4F77-807B-8037AAA40F87} = {E59FF48E-017A-4E2D-8E55-408BF8FB5DDF}
		{798B81D2-3742-41BB-BB91-39588AEA0A6D} = {E59FF48E-017A-4E2D-8E55-408BF8FB5DDF}
		{E2C60C39-E965-441D-9A1F-26F3E7E0F4FE} = {2748C23E-08B8-4987-849C-BE44F12AF623}
		{7FC09264-984C-4579-9E07-29748CD8C43F} = {2748C23E-08B8-4987-849C-BE44F12AF623}
		{E982E424-602D-482A-AE63-DB31F0B40D21} = {2748C23E-08B8-4987-849C-BE44F12AF623}
		{D6515642-3E75-47CA-B1A8-705E649471F3} = {E4053073-E8D6-4203-BB96-7F88EDE1316C}
		{5C33C826-9319-4CF0-9530-7ED2FE906EF7} = {E4053073-E8D6-4203-BB96-7F88EDE1316C}
		{8A0A54D1-C36A-41D7-A416-F7CB42078889} = {34C828CA-CB17-4E65-A7C5-98A89F8FB521}
		{F243D2C9-137B-4175-BCA6-E96A12369792} = {34C828CA-CB17-4E65-A7C5-98A89F8FB521}
		{4D766769-A803-42A5-B21D-A5DE47FE635C} = {7A5C5C0E-104F-48E7-A26C-FFEC5C783231}
		{36EC1516-3FB8-4FDE-9535-FA2B9547DF06} = {7A5C5C0E-104F-48E7-A26C-FFEC5C783231}
		{39499987-7D56-4BF1-938B-869B02038C37} = {7A5C5C0E-104F-48E7-A26C-FFEC5C783231}
		{F63D7FE1-5FB3-41BE-8D9B-C792B1C4CB55} = {7A5C5C0E-104F-48E7-A26C-FFEC5C783231}
		{88D745B2-4FD4-4D1F-8B3B-5877D539F32A} = {D08FB092-2828-4C88-A313-903FBC6086EA}
		{F6C35B82-8B9F-4D2B-98D0-D94F01744BCD} = {D08FB092-2828-4C88-A313-903FBC6086EA}
		{27C8F85F-D6E6-432A-9D60-4A1CA38575F7} = {73B18520-96B9-46A5-98F6-BEBE4E4DCACB}
		{60403335-2382-420F-A9B2-59BF3966B312} = {73B18520-96B9-46A5-98F6-BEBE4E4DCACB}
		{82324E25-2272-4C56-9223-19445DCEDFAA} = {6C805CD9-EADF-4AB0-980F-1289F84E4F14}
		{D2FF8F37-7AE0-42A3-8E1A-48DD8AF8DC46} = {6C805CD9-EADF-4AB0-980F-1289F84E4F14}
		{70C0B5FB-5913-4D81-AA33-13DB1AF533A7} = {6C805CD9-EADF-4AB0-980F-1289F84E4F14}
		{210657B6-C526-4591-9276-24C3F6D81507} = {6C805CD9-EADF-4AB0-980F-1289F84E4F14}
		{E38D6A05-C9A3-4F56-AA44-B5F672EBB033} = {6C805CD9-EADF-4AB0-980F-1289F84E4F14}
		{7A6D1B50-8707-47E8-92C0-C8C0070EA876} = {48C28C49-9C34-4E48-A9B9-2C45860B4384}
		{24930F02-B95F-4B3B-A283-19CD61AC73AF} = {48C28C49-9C34-4E48-A9B9-2C45860B4384}
		{2B7594F7-398E-44EF-B94B-446415A5A261} = {48C28C49-9C34-4E48-A9B9-2C45860B4384}
		{3CB82425-C490-45EE-834F-E82BA14CDC21} = {48C28C49-9C34-4E48-A9B9-2C45860B4384}
		{8C19A125-3DBD-4B67-95A5-B914AD28A014} = {48C28C49-9C34-4E48-A9B9-2C45860B4384}
		{4E497631-539F-4888-BD8E-669C3C744693} = {48C28C49-9C34-4E48-A9B9-2C45860B4384}
		{AB763C15-54C5-448C-8E6E-F071D70B0A22} = {8370197E-DB4A-4C3C-8827-CFD42C7F0C9D}
		{7BF03941-04F6-494C-98CB-A401EC96899A} = {8370197E-DB4A-4C3C-8827-CFD42C7F0C9D}
		{2C0F9C21-7340-4759-A22F-B7E0CFD47C43} = {A9288411-65C7-42F7-807E-3FE1EFF44DEA}
		{B9E1F235-A665-456C-8FBC-4EC5A4790FD7} = {A9288411-65C7-42F7-807E-3FE1EFF44DEA}
		{507C1395-A0F0-44B5-B7DF-8B4420727E62} = {8F3E78F1-82D9-426E-9FB1-B113FF5B1274}
		{FC5FC273-F678-4A9D-BF46-5BD2FDBA3C31} = {C8E1E1B0-A2B6-4E4D-A334-63C2C3DCB58C}
		{93A9BC29-5EF8-42A7-AE6C-0106E684686E} = {C8E1E1B0-A2B6-4E4D-A334-63C2C3DCB58C}
		{90573D4C-4DB3-4BBA-9A05-C96078BCE6E2} = {C8E1E1B0-A2B6-4E4D-A334-63C2C3DCB58C}
		{16686DA3-21A6-4C9A-A1F6-35EFC1A0669A} = {C8E1E1B0-A2B6-4E4D-A334-63C2C3DCB58C}
		{4C56ACF1-49DF-4D31-A7D1-04EE4FC17D66} = {E3B81CB5-CB07-4ACE-8DAA-EE79C41B38AF}
		{F44964D7-E948-4EBC-A661-6F319063324A} = {E3B81CB5-CB07-4ACE-8DAA-EE79C41B38AF}
		{5A16D6C2-7E64-491B-83A2-750DEC93AF0F} = {005A381F-2FFC-4747-814F-4AEF6C0E9AB2}
		{2847ACD8-9233-4A03-8AF4-6ED0A2F4CCAC} = {5F763D3D-7761-48A1-A828-FF2E85294CB5}
		{A3F49F96-76A3-43C9-9CBF-31B8F9E8417F} = {5F763D3D-7761-48A1-A828-FF2E85294CB5}
		{D5FCDE8F-7D8A-43AF-900D-F2106365DBFD} = {1AE19748-2052-4199-946B-B6F9C4FF5C21}
		{AAC632EE-8D0D-40DE-B454-AD5CE5FCBA08} = {1AE19748-2052-4199-946B-B6F9C4FF5C21}
		{11C820A4-E22E-4D57-A8DC-2CA5F48BB647} = {1AE19748-2052-4199-946B-B6F9C4FF5C21}
		{001C2B39-7DBD-4CE7-9021-AA3DA5574B91} = {C8E1E1B0-A2B6-4E4D-A334-63C2C3DCB58C}
		{A3EDB3D8-1FC6-4D2E-BC4E-E7DEC3B51621} = {C8E1E1B0-A2B6-4E4D-A334-63C2C3DCB58C}
		{CDCF3A78-26AF-4B91-9AB4-F03DD438B8A4} = {E3B81CB5-CB07-4ACE-8DAA-EE79C41B38AF}
		{912153DD-EC13-4DC5-92E1-E4707B4A41B2} = {E59FF48E-017A-4E2D-8E55-408BF8FB5DDF}
		{9709E919-93AB-4CB7-9579-74E80D2A8325} = {5F763D3D-7761-48A1-A828-FF2E85294CB5}
	EndGlobalSection
EndGlobal
